
Microsoft Visual Studio Solution File, Format Version 12.00
# Visual Studio Version 16
VisualStudioVersion = 16.0.29609.76
MinimumVisualStudioVersion = 10.0.40219.1
Project("{FAE04EC0-301F-11D3-BF4B-00C04F79EFBC}") = "ExcelToHtmlConverter", "ExcelToHtmlConverter.csproj", "{86E1926C-22DD-4F06-BAD4-6D88D8B445C1}"
EndProject
Global
	GlobalSection(SolutionConfigurationPlatforms) = preSolution
		Debug|Any CPU = Debug|Any CPU
		Release|Any CPU = Release|Any CPU
	EndGlobalSection
	GlobalSection(ProjectConfigurationPlatforms) = postSolution
		{86E1926C-22DD-4F06-BAD4-6D88D8B445C1}.Debug|Any CPU.ActiveCfg = Debug|Any CPU
		{86E1926C-22DD-4F06-BAD4-6D88D8B445C1}.Debug|Any CPU.Build.0 = Debug|Any CPU
		{86E1926C-22DD-4F06-BAD4-6D88D8B445C1}.Release|Any CPU.ActiveCfg = Release|Any CPU
		{86E1926C-22DD-4F06-BAD4-6D88D8B445C1}.Release|Any CPU.Build.0 = Release|Any CPU
	EndGlobalSection
	GlobalSection(SolutionProperties) = preSolution
		HideSolutionNode = FALSE
	EndGlobalSection
	GlobalSection(ExtensibilityGlobals) = postSolution
		SolutionGuid = {D802F506-9D3D-402C-9B36-2347DFBC8EC9}
	EndGlobalSection
EndGlobal
